<?xml version="1.0" encoding="utf-8"?>
<Project ToolsVersion="4.0" xmlns="http://schemas.microsoft.com/developer/msbuild/2003">
  <ItemGroup>
    <Filter Include="Kernel">
      <UniqueIdentifier>{7bd211f9-28f7-41c6-ad7a-7877796eeeb4}</UniqueIdentifier>
    </Filter>
    <Filter Include="Kernel\Resource Files">
      <UniqueIdentifier>{fd6a9662-4b0f-4706-96aa-d6301d1f4c09}</UniqueIdentifier>
      <Extensions>ico;cur;bmp;dlg;rc2;rct;bin;rgs;gif;jpg;jpeg;jpe</Extensions>
    </Filter>
    <Filter Include="Kernel\Log">
      <UniqueIdentifier>{19b41f01-4438-41da-8a5a-0b20155af0ea}</UniqueIdentifier>
    </Filter>
    <Filter Include="Kernel\Generic">
      <UniqueIdentifier>{c8296e57-ec66-4867-afca-6f515176186c}</UniqueIdentifier>
    </Filter>
    <Filter Include="Kernel\CDB">
      <UniqueIdentifier>{d76e129c-00c8-431b-9bee-830a9fd597a7}</UniqueIdentifier>
    </Filter>
    <Filter Include="Kernel\Random32">
      <UniqueIdentifier>{ad5656c6-02ef-4ac7-811c-a89942dcce60}</UniqueIdentifier>
    </Filter>
    <Filter Include="Compiler">
      <UniqueIdentifier>{5bd4d0ac-7e42-4d98-956b-3acbad0f6168}</UniqueIdentifier>
    </Filter>
    <Filter Include="Compiler\quad_tree">
      <UniqueIdentifier>{c355853a-315b-48ee-9a00-289b44b99636}</UniqueIdentifier>
    </Filter>
    <Filter Include="Compiler\cover_point">
      <UniqueIdentifier>{4fcf2786-3267-4949-92b7-bdbddfdf87b3}</UniqueIdentifier>
    </Filter>
    <Filter Include="ALife">
      <UniqueIdentifier>{c6f4ff9d-db64-4953-8f9b-114aeee44017}</UniqueIdentifier>
    </Filter>
    <Filter Include="ALife\search">
      <UniqueIdentifier>{ebdb6da5-5009-4e84-ab49-1e6232076ac5}</UniqueIdentifier>
    </Filter>
    <Filter Include="ALife\search\path_managers">
      <UniqueIdentifier>{d8ac3b60-7dcf-449d-9955-408c59860248}</UniqueIdentifier>
    </Filter>
    <Filter Include="ALife\search\path_managers\path_manager_game">
      <UniqueIdentifier>{3a45a738-acb7-4b0c-8ec9-50c9c776ce33}</UniqueIdentifier>
    </Filter>
    <Filter Include="ALife\search\path_managers\path_manager_game\path_manager_game_vertex_type">
      <UniqueIdentifier>{1e1d8959-1726-43c4-8c23-6b1cae91230d}</UniqueIdentifier>
    </Filter>
    <Filter Include="ALife\search\path_managers\path_manager_game\path_manager_game_level">
      <UniqueIdentifier>{a0936440-9a86-42d6-be68-37f9706e0df4}</UniqueIdentifier>
    </Filter>
    <Filter Include="ALife\search\path_managers\path_manager_generic">
      <UniqueIdentifier>{73f7cab6-7a5b-4ec1-b750-ccc138c1e8a9}</UniqueIdentifier>
    </Filter>
    <Filter Include="ALife\search\path_managers\path_manager_level">
      <UniqueIdentifier>{6616b694-c62c-4809-b783-4f7749e4345a}</UniqueIdentifier>
    </Filter>
    <Filter Include="ALife\search\path_managers\path_manager_level\path_manager_level_evaluator">
      <UniqueIdentifier>{108bbb5c-4e46-4919-8666-49a4631da2a0}</UniqueIdentifier>
    </Filter>
    <Filter Include="ALife\search\path_managers\path_manager_level\path_manager_level_flooder">
      <UniqueIdentifier>{35861868-e480-4264-b0bd-779eb555e163}</UniqueIdentifier>
    </Filter>
    <Filter Include="ALife\search\path_managers\path_manager_level\path_manager_level_straight_line">
      <UniqueIdentifier>{f7c050df-6439-4cfb-810e-35c60c097ab7}</UniqueIdentifier>
    </Filter>
    <Filter Include="ALife\search\path_managers\path_manager_params">
      <UniqueIdentifier>{b5708d60-c249-4ec4-ba13-102da1d5919f}</UniqueIdentifier>
    </Filter>
    <Filter Include="ALife\search\algorithms">
      <UniqueIdentifier>{d9eff982-a0ca-4569-9918-3f6b1e2c6076}</UniqueIdentifier>
    </Filter>
    <Filter Include="ALife\search\algorithms\A%2a">
      <UniqueIdentifier>{091b8d1e-8dbf-42f6-adc8-5750fcd2da0c}</UniqueIdentifier>
    </Filter>
    <Filter Include="ALife\search\algorithms\Dijkstra">
      <UniqueIdentifier>{eca0f38c-1cb7-41e4-9673-828d054db1db}</UniqueIdentifier>
    </Filter>
    <Filter Include="ALife\search\data_storages">
      <UniqueIdentifier>{f47f98c5-112e-4977-aaa5-488b0fddbef0}</UniqueIdentifier>
    </Filter>
    <Filter Include="ALife\search\data_storages\algorithms">
      <UniqueIdentifier>{5d73c169-13ec-4739-a60b-919740f8f93e}</UniqueIdentifier>
    </Filter>
    <Filter Include="ALife\search\data_storages\algorithms\priority_queues">
      <UniqueIdentifier>{be55582e-63b2-4656-9fb9-de8a9d898f1c}</UniqueIdentifier>
    </Filter>
    <Filter Include="ALife\search\data_storages\algorithms\priority_queues\binary_heap">
      <UniqueIdentifier>{a20c4576-315d-4440-971c-a6e80a9c8ac2}</UniqueIdentifier>
    </Filter>
    <Filter Include="ALife\search\data_storages\algorithms\lists">
      <UniqueIdentifier>{a5890099-7a94-45bb-afd7-5a3cd72ae68a}</UniqueIdentifier>
    </Filter>
    <Filter Include="ALife\search\data_storages\algorithms\lists\bucket_list">
      <UniqueIdentifier>{94a797cb-cb82-499c-b636-2062e15bb9b1}</UniqueIdentifier>
    </Filter>
    <Filter Include="ALife\search\data_storages\algorithms\lists\double_linked_list">
      <UniqueIdentifier>{74bda312-1986-4a3e-aaf5-2cc33d6d17a3}</UniqueIdentifier>
    </Filter>
    <Filter Include="ALife\search\data_storages\algorithms\lists\single_linked_list">
      <UniqueIdentifier>{13bdaac3-14d6-4dd7-8ff5-1b156a31e1d1}</UniqueIdentifier>
    </Filter>
    <Filter Include="ALife\search\data_storages\data_storage_constructors">
      <UniqueIdentifier>{b08d0726-b0b0-4ac3-876a-2e9d5a406aa8}</UniqueIdentifier>
    </Filter>
    <Filter Include="ALife\search\data_storages\data_storage_constructors\builder_allocator">
      <UniqueIdentifier>{554294b3-11c4-469e-8424-23ab90d1c8ee}</UniqueIdentifier>
    </Filter>
    <Filter Include="ALife\search\data_storages\data_storage_constructors\manager_builder_allocator">
      <UniqueIdentifier>{5f3adb69-f31d-4d71-a9a1-ce814ce4a3f6}</UniqueIdentifier>
    </Filter>
    <Filter Include="ALife\search\data_storages\path_builders">
      <UniqueIdentifier>{81826c30-2f23-40dd-8dad-d4722264a00b}</UniqueIdentifier>
    </Filter>
    <Filter Include="ALife\search\data_storages\path_builders\edge_path">
      <UniqueIdentifier>{d0d04e76-efde-44cb-95cf-241b75163cb5}</UniqueIdentifier>
    </Filter>
    <Filter Include="ALife\search\data_storages\path_builders\vertex_path">
      <UniqueIdentifier>{3e3d3050-bc95-45e4-a78b-c9554b47c7a8}</UniqueIdentifier>
    </Filter>
    <Filter Include="ALife\search\data_storages\vertex_allocators">
      <UniqueIdentifier>{9c61cb1e-0350-4b71-98e3-b2b802de0dc5}</UniqueIdentifier>
    </Filter>
    <Filter Include="ALife\search\data_storages\vertex_allocators\fixed">
      <UniqueIdentifier>{ffe167ff-bea1-4694-a294-56d06d5e07b2}</UniqueIdentifier>
    </Filter>
    <Filter Include="ALife\search\data_storages\vertex_managers">
      <UniqueIdentifier>{a746e9b1-cc95-4cb6-9fff-086eb0603a86}</UniqueIdentifier>
    </Filter>
    <Filter Include="ALife\search\data_storages\vertex_managers\fixed">
      <UniqueIdentifier>{a6d8674d-2407-436d-b277-6c57985196b2}</UniqueIdentifier>
    </Filter>
    <Filter Include="ALife\search\data_storages\vertex_managers\hash_fixed">
      <UniqueIdentifier>{dd2eef9e-8bfd-423d-a448-b778738e7dee}</UniqueIdentifier>
    </Filter>
    <Filter Include="ALife\search\graphs">
      <UniqueIdentifier>{e0c66e04-6719-4a33-b6bc-ab5e25efc876}</UniqueIdentifier>
    </Filter>
    <Filter Include="ALife\search\graphs\abstract_graph">
      <UniqueIdentifier>{58ca550a-ac64-4cf5-b2f1-818ae631f206}</UniqueIdentifier>
    </Filter>
    <Filter Include="ALife\search\graphs\abstract_graph\graph_edge">
      <UniqueIdentifier>{9be49b2a-1c93-4fc2-ad04-49a276dfb17b}</UniqueIdentifier>
    </Filter>
    <Filter Include="ALife\search\graphs\abstract_graph\graph_vertex">
      <UniqueIdentifier>{a54447aa-176e-451e-b65b-d786e556e72e}</UniqueIdentifier>
    </Filter>
    <Filter Include="ALife\search\graphs\cross_table">
      <UniqueIdentifier>{7a145393-e87b-4402-a5ff-cb8c04b6f66e}</UniqueIdentifier>
    </Filter>
    <Filter Include="ALife\search\graphs\game_graph">
      <UniqueIdentifier>{ace24733-8936-4d52-b3bd-a81ef8d956a7}</UniqueIdentifier>
    </Filter>
    <Filter Include="ALife\search\graphs\level_graph">
      <UniqueIdentifier>{ba92daf4-7fe4-433e-95f2-69c221ff0158}</UniqueIdentifier>
    </Filter>
    <Filter Include="ALife\search\graph_engine">
      <UniqueIdentifier>{0743e772-ccaf-415f-8fd1-6e8d42afa924}</UniqueIdentifier>
    </Filter>
    <Filter Include="ALife\Cross">
      <UniqueIdentifier>{e323f3f0-5a79-46fd-99ea-8ce13f66fbea}</UniqueIdentifier>
    </Filter>
    <Filter Include="ALife\Graph">
      <UniqueIdentifier>{cc550939-bab7-4809-a217-b54bb2763fa5}</UniqueIdentifier>
    </Filter>
    <Filter Include="ALife\Merge">
      <UniqueIdentifier>{c5360479-3e23-4cef-bb47-05a5bca8d944}</UniqueIdentifier>
    </Filter>
    <Filter Include="ALife\Shared">
      <UniqueIdentifier>{a9857c98-18de-4185-ac68-6339083d633e}</UniqueIdentifier>
    </Filter>
    <Filter Include="ALife\Shared\ALife">
      <UniqueIdentifier>{e040124f-f391-40b1-9a79-8cec78577034}</UniqueIdentifier>
    </Filter>
    <Filter Include="ALife\Shared\ALife\alife_artefact_order">
      <UniqueIdentifier>{39fbafd1-3c2e-4f33-a5e6-513fddf18639}</UniqueIdentifier>
    </Filter>
    <Filter Include="ALife\Shared\ALife\alife_human_brain">
      <UniqueIdentifier>{5a04cb50-d9b7-4656-922b-9ab34d3ac523}</UniqueIdentifier>
    </Filter>
    <Filter Include="ALife\Shared\ALife\alife_monster_brain">
      <UniqueIdentifier>{83086b99-d16b-423f-91aa-4fef23cdd5c8}</UniqueIdentifier>
    </Filter>
    <Filter Include="ALife\Shared\ALife\alife_space">
      <UniqueIdentifier>{84f779e8-f02e-4f31-8d83-f039ba79cf65}</UniqueIdentifier>
    </Filter>
    <Filter Include="ALife\Shared\ServerEntities">
      <UniqueIdentifier>{ca3bb15e-3d68-480a-8b74-b2876f339c59}</UniqueIdentifier>
    </Filter>
    <Filter Include="ALife\Shared\Server">
      <UniqueIdentifier>{7ff5866a-7eda-49c7-8e91-c7b667fd9e22}</UniqueIdentifier>
    </Filter>
    <Filter Include="ALife\Shared\ObjectBroker">
      <UniqueIdentifier>{e79d8e5b-eaac-4e12-b9a0-d851fc0b502b}</UniqueIdentifier>
    </Filter>
    <Filter Include="ALife\Shared\Common">
      <UniqueIdentifier>{a6486415-975c-4dbc-8461-de0b91f73c4d}</UniqueIdentifier>
    </Filter>
    <Filter Include="ALife\Shared\IntrusivePtr">
      <UniqueIdentifier>{46eaa129-13de-4fd4-ad6d-38459c7b8119}</UniqueIdentifier>
    </Filter>
    <Filter Include="ALife\Shared\associative_vector">
      <UniqueIdentifier>{e6475d13-9a76-4c53-b3fb-6ecb6520b993}</UniqueIdentifier>
    </Filter>
    <Filter Include="ALife\Spawn">
      <UniqueIdentifier>{087b8990-1e69-417b-a780-d6ac3888298a}</UniqueIdentifier>
    </Filter>
    <Filter Include="ALife\Spawn\game_spawn_constructor">
      <UniqueIdentifier>{15050a61-5699-46d3-baed-1a936b374e7d}</UniqueIdentifier>
    </Filter>
    <Filter Include="ALife\Spawn\level_spawn_constructor">
      <UniqueIdentifier>{5e8c5f70-0a71-4c8d-a260-e8188d322c9c}</UniqueIdentifier>
    </Filter>
    <Filter Include="ALife\Spawn\level_spawn_constructor\space_restrictor_wrapper">
      <UniqueIdentifier>{6856169e-dac6-4a61-a3ae-4369fe8a734a}</UniqueIdentifier>
    </Filter>
    <Filter Include="ALife\Spawn\server_entity_wrapper">
      <UniqueIdentifier>{fc900c43-188c-4cb6-a7af-c11025bd0b05}</UniqueIdentifier>
    </Filter>
    <Filter Include="ALife\Spawn\patrol_paths">
      <UniqueIdentifier>{18d7f488-85a0-4f4c-bf41-986f8fa0e021}</UniqueIdentifier>
    </Filter>
    <Filter Include="ALife\Spawn\patrol_paths\patrol_path">
      <UniqueIdentifier>{e64006a0-bdb8-401f-ae55-f986445365cc}</UniqueIdentifier>
    </Filter>
    <Filter Include="ALife\Spawn\patrol_paths\patrol_path_storage">
      <UniqueIdentifier>{4f10dbc3-2689-4304-a34c-2b9d0820462e}</UniqueIdentifier>
    </Filter>
    <Filter Include="ALife\Spawn\patrol_paths\patrol_point">
      <UniqueIdentifier>{582c7240-c253-4a77-9866-4577a7e5f06d}</UniqueIdentifier>
    </Filter>
    <Filter Include="ALife\Spawn\spawn_patcher">
      <UniqueIdentifier>{143a4102-9a45-48fc-b8d3-4320cf48ae7d}</UniqueIdentifier>
    </Filter>
    <Filter Include="ALife\Verify">
      <UniqueIdentifier>{d786b834-ea83-4980-94f1-7bec9200c1e7}</UniqueIdentifier>
    </Filter>
    <Filter Include="ALife\guid_generator">
      <UniqueIdentifier>{36de4b78-447a-41c1-be06-7f3963064e61}</UniqueIdentifier>
    </Filter>
  </ItemGroup>
  <ItemGroup>
    <ClInclude Include="communicate.h">
      <Filter>Kernel</Filter>
    </ClInclude>
    <ClInclude Include="defines.h">
      <Filter>Kernel</Filter>
    </ClInclude>
    <ClInclude Include="factory_api.h">
      <Filter>Kernel</Filter>
    </ClInclude>
    <ClInclude Include="FastDelegate.h">
      <Filter>Kernel</Filter>
    </ClInclude>
    <ClInclude Include="StdAfx.h">
      <Filter>Kernel</Filter>
    </ClInclude>
    <ClInclude Include="tga.h">
      <Filter>Kernel</Filter>
    </ClInclude>
    <ClInclude Include="xrAI.h">
      <Filter>Kernel</Filter>
    </ClInclude>
    <ClInclude Include="xrShaderTypes.h">
      <Filter>Kernel</Filter>
    </ClInclude>
    <ClInclude Include="xrThread.h">
      <Filter>Kernel</Filter>
    </ClInclude>
    <ClInclude Include="resource.h">
      <Filter>Kernel\Resource Files</Filter>
    </ClInclude>
    <ClInclude Include="cl_log.h">
      <Filter>Kernel\Log</Filter>
    </ClInclude>
    <ClInclude Include="_d3d_extensions.h">
      <Filter>Kernel\Generic</Filter>
    </ClInclude>
    <ClInclude Include="FTimer.h">
      <Filter>Kernel\Generic</Filter>
    </ClInclude>
    <ClInclude Include="light.h">
      <Filter>Kernel\Generic</Filter>
    </ClInclude>
    <ClInclude Include="std_classes.h">
      <Filter>Kernel\Generic</Filter>
    </ClInclude>
    <ClInclude Include="cl_collector.h">
      <Filter>Kernel\CDB</Filter>
    </ClInclude>
    <ClInclude Include="cl_intersect.h">
      <Filter>Kernel\CDB</Filter>
    </ClInclude>
    <ClInclude Include="xrCDB.h">
      <Filter>Kernel\CDB</Filter>
    </ClInclude>
    <ClInclude Include="random32.h">
      <Filter>Kernel\Random32</Filter>
    </ClInclude>
    <ClInclude Include="AIMapExport.h">
      <Filter>Compiler</Filter>
    </ClInclude>
    <ClInclude Include="compiler.h">
      <Filter>Compiler</Filter>
    </ClInclude>
    <ClInclude Include="ETextureParams.h">
      <Filter>Compiler</Filter>
    </ClInclude>
    <ClInclude Include="LevelGameDef.h">
      <Filter>Compiler</Filter>
    </ClInclude>
    <ClInclude Include="motion_simulator.h">
      <Filter>Compiler</Filter>
    </ClInclude>
    <ClInclude Include="Shader_xrLC.h">
      <Filter>Compiler</Filter>
    </ClInclude>
    <ClInclude Include="xrLevel.h">
      <Filter>Compiler</Filter>
    </ClInclude>
    <ClInclude Include="quadtree.h">
      <Filter>Compiler\quad_tree</Filter>
    </ClInclude>
    <ClInclude Include="quadtree_inline.h">
      <Filter>Compiler\quad_tree</Filter>
    </ClInclude>
    <ClInclude Include="cover_point.h">
      <Filter>Compiler\cover_point</Filter>
    </ClInclude>
    <ClInclude Include="cover_point_inline.h">
      <Filter>Compiler\cover_point</Filter>
    </ClInclude>
    <ClInclude Include="path_manager.h">
      <Filter>ALife\search\path_managers</Filter>
    </ClInclude>
    <ClInclude Include="path_manager_game.h">
      <Filter>ALife\search\path_managers\path_manager_game</Filter>
    </ClInclude>
    <ClInclude Include="path_manager_game_inline.h">
      <Filter>ALife\search\path_managers\path_manager_game</Filter>
    </ClInclude>
    <ClInclude Include="path_manager_game_vertex_type.h">
      <Filter>ALife\search\path_managers\path_manager_game\path_manager_game_vertex_type</Filter>
    </ClInclude>
    <ClInclude Include="path_manager_game_vertex_type_inline.h">
      <Filter>ALife\search\path_managers\path_manager_game\path_manager_game_vertex_type</Filter>
    </ClInclude>
    <ClInclude Include="path_manager_game_level.h">
      <Filter>ALife\search\path_managers\path_manager_game\path_manager_game_level</Filter>
    </ClInclude>
    <ClInclude Include="path_manager_game_level_inline.h">
      <Filter>ALife\search\path_managers\path_manager_game\path_manager_game_level</Filter>
    </ClInclude>
    <ClInclude Include="path_manager_generic.h">
      <Filter>ALife\search\path_managers\path_manager_generic</Filter>
    </ClInclude>
    <ClInclude Include="path_manager_generic_inline.h">
      <Filter>ALife\search\path_managers\path_manager_generic</Filter>
    </ClInclude>
    <ClInclude Include="path_manager_level.h">
      <Filter>ALife\search\path_managers\path_manager_level</Filter>
    </ClInclude>
    <ClInclude Include="path_manager_level_inline.h">
      <Filter>ALife\search\path_managers\path_manager_level</Filter>
    </ClInclude>
    <ClInclude Include="path_manager_level_evaluator.h">
      <Filter>ALife\search\path_managers\path_manager_level\path_manager_level_evaluator</Filter>
    </ClInclude>
    <ClInclude Include="path_manager_level_evaluator_inline.h">
      <Filter>ALife\search\path_managers\path_manager_level\path_manager_level_evaluator</Filter>
    </ClInclude>
    <ClInclude Include="path_manager_level_flooder.h">
      <Filter>ALife\search\path_managers\path_manager_level\path_manager_level_flooder</Filter>
    </ClInclude>
    <ClInclude Include="path_manager_level_flooder_inline.h">
      <Filter>ALife\search\path_managers\path_manager_level\path_manager_level_flooder</Filter>
    </ClInclude>
    <ClInclude Include="path_manager_level_straight_line.h">
      <Filter>ALife\search\path_managers\path_manager_level\path_manager_level_straight_line</Filter>
    </ClInclude>
    <ClInclude Include="path_manager_level_straight_line_inline.h">
      <Filter>ALife\search\path_managers\path_manager_level\path_manager_level_straight_line</Filter>
    </ClInclude>
    <ClInclude Include="path_manager_params.h">
      <Filter>ALife\search\path_managers\path_manager_params</Filter>
    </ClInclude>
    <ClInclude Include="path_manager_params_flooder.h">
      <Filter>ALife\search\path_managers\path_manager_params</Filter>
    </ClInclude>
    <ClInclude Include="path_manager_params_game_level.h">
      <Filter>ALife\search\path_managers\path_manager_params</Filter>
    </ClInclude>
    <ClInclude Include="path_manager_params_straight_line.h">
      <Filter>ALife\search\path_managers\path_manager_params</Filter>
    </ClInclude>
    <ClInclude Include="a_star.h">
      <Filter>ALife\search\algorithms\A%2a</Filter>
    </ClInclude>
    <ClInclude Include="a_star_inline.h">
      <Filter>ALife\search\algorithms\A%2a</Filter>
    </ClInclude>
    <ClInclude Include="dijkstra.h">
      <Filter>ALife\search\algorithms\Dijkstra</Filter>
    </ClInclude>
    <ClInclude Include="dijkstra_inline.h">
      <Filter>ALife\search\algorithms\Dijkstra</Filter>
    </ClInclude>
    <ClInclude Include="data_storage_binary_heap.h">
      <Filter>ALife\search\data_storages\algorithms\priority_queues\binary_heap</Filter>
    </ClInclude>
    <ClInclude Include="data_storage_binary_heap_inline.h">
      <Filter>ALife\search\data_storages\algorithms\priority_queues\binary_heap</Filter>
    </ClInclude>
    <ClInclude Include="data_storage_bucket_list.h">
      <Filter>ALife\search\data_storages\algorithms\lists\bucket_list</Filter>
    </ClInclude>
    <ClInclude Include="data_storage_bucket_list_inline.h">
      <Filter>ALife\search\data_storages\algorithms\lists\bucket_list</Filter>
    </ClInclude>
    <ClInclude Include="data_storage_double_linked_list.h">
      <Filter>ALife\search\data_storages\algorithms\lists\double_linked_list</Filter>
    </ClInclude>
    <ClInclude Include="data_storage_double_linked_list_inline.h">
      <Filter>ALife\search\data_storages\algorithms\lists\double_linked_list</Filter>
    </ClInclude>
    <ClInclude Include="data_storage_single_linked_list.h">
      <Filter>ALife\search\data_storages\algorithms\lists\single_linked_list</Filter>
    </ClInclude>
    <ClInclude Include="data_storage_single_linked_list_inline.h">
      <Filter>ALife\search\data_storages\algorithms\lists\single_linked_list</Filter>
    </ClInclude>
    <ClInclude Include="data_storage_constructor.h">
      <Filter>ALife\search\data_storages\data_storage_constructors</Filter>
    </ClInclude>
    <ClInclude Include="builder_allocator_constructor.h">
      <Filter>ALife\search\data_storages\data_storage_constructors\builder_allocator</Filter>
    </ClInclude>
    <ClInclude Include="builder_allocator_constructor_inline.h">
      <Filter>ALife\search\data_storages\data_storage_constructors\builder_allocator</Filter>
    </ClInclude>
    <ClInclude Include="manager_builder_allocator_constructor.h">
      <Filter>ALife\search\data_storages\data_storage_constructors\manager_builder_allocator</Filter>
    </ClInclude>
    <ClInclude Include="manager_builder_allocator_constructor_inline.h">
      <Filter>ALife\search\data_storages\data_storage_constructors\manager_builder_allocator</Filter>
    </ClInclude>
    <ClInclude Include="edge_path.h">
      <Filter>ALife\search\data_storages\path_builders\edge_path</Filter>
    </ClInclude>
    <ClInclude Include="edge_path_inline.h">
      <Filter>ALife\search\data_storages\path_builders\edge_path</Filter>
    </ClInclude>
    <ClInclude Include="vertex_path.h">
      <Filter>ALife\search\data_storages\path_builders\vertex_path</Filter>
    </ClInclude>
    <ClInclude Include="vertex_path_inline.h">
      <Filter>ALife\search\data_storages\path_builders\vertex_path</Filter>
    </ClInclude>
    <ClInclude Include="vertex_allocator_fixed.h">
      <Filter>ALife\search\data_storages\vertex_allocators\fixed</Filter>
    </ClInclude>
    <ClInclude Include="vertex_allocator_fixed_inline.h">
      <Filter>ALife\search\data_storages\vertex_allocators\fixed</Filter>
    </ClInclude>
    <ClInclude Include="vertex_manager_fixed.h">
      <Filter>ALife\search\data_storages\vertex_managers\fixed</Filter>
    </ClInclude>
    <ClInclude Include="vertex_manager_fixed_inline.h">
      <Filter>ALife\search\data_storages\vertex_managers\fixed</Filter>
    </ClInclude>
    <ClInclude Include="vertex_manager_hash_fixed.h">
      <Filter>ALife\search\data_storages\vertex_managers\hash_fixed</Filter>
    </ClInclude>
    <ClInclude Include="vertex_manager_hash_fixed_inline.h">
      <Filter>ALife\search\data_storages\vertex_managers\hash_fixed</Filter>
    </ClInclude>
    <ClInclude Include="graph_abstract.h">
      <Filter>ALife\search\graphs\abstract_graph</Filter>
    </ClInclude>
    <ClInclude Include="graph_abstract_inline.h">
      <Filter>ALife\search\graphs\abstract_graph</Filter>
    </ClInclude>
    <ClInclude Include="graph_edge.h">
      <Filter>ALife\search\graphs\abstract_graph\graph_edge</Filter>
    </ClInclude>
    <ClInclude Include="graph_edge_inline.h">
      <Filter>ALife\search\graphs\abstract_graph\graph_edge</Filter>
    </ClInclude>
    <ClInclude Include="graph_vertex.h">
      <Filter>ALife\search\graphs\abstract_graph\graph_vertex</Filter>
    </ClInclude>
    <ClInclude Include="graph_vertex_inline.h">
      <Filter>ALife\search\graphs\abstract_graph\graph_vertex</Filter>
    </ClInclude>
    <ClInclude Include="game_level_cross_table.h">
      <Filter>ALife\search\graphs\cross_table</Filter>
    </ClInclude>
    <ClInclude Include="game_level_cross_table_inline.h">
      <Filter>ALife\search\graphs\cross_table</Filter>
    </ClInclude>
    <ClInclude Include="game_graph.h">
      <Filter>ALife\search\graphs\game_graph</Filter>
    </ClInclude>
    <ClInclude Include="game_graph_inline.h">
      <Filter>ALife\search\graphs\game_graph</Filter>
    </ClInclude>
    <ClInclude Include="game_graph_space.h">
      <Filter>ALife\search\graphs\game_graph</Filter>
    </ClInclude>
    <ClInclude Include="level_graph.h">
      <Filter>ALife\search\graphs\level_graph</Filter>
    </ClInclude>
    <ClInclude Include="level_graph_inline.h">
      <Filter>ALife\search\graphs\level_graph</Filter>
    </ClInclude>
    <ClInclude Include="level_graph_space.h">
      <Filter>ALife\search\graphs\level_graph</Filter>
    </ClInclude>
    <ClInclude Include="level_graph_vertex_inline.h">
      <Filter>ALife\search\graphs\level_graph</Filter>
    </ClInclude>
    <ClInclude Include="graph_engine.h">
      <Filter>ALife\search\graph_engine</Filter>
    </ClInclude>
    <ClInclude Include="graph_engine_inline.h">
      <Filter>ALife\search\graph_engine</Filter>
    </ClInclude>
    <ClInclude Include="graph_engine_space.h">
      <Filter>ALife\search\graph_engine</Filter>
    </ClInclude>
    <ClInclude Include="xrCrossTable.h">
      <Filter>ALife\Cross</Filter>
    </ClInclude>
    <ClInclude Include="game_graph_builder.h">
      <Filter>ALife\Graph</Filter>
    </ClInclude>
    <ClInclude Include="game_graph_builder_inline.h">
      <Filter>ALife\Graph</Filter>
    </ClInclude>
    <ClInclude Include="xr_graph_merge.h">
      <Filter>ALife\Merge</Filter>
    </ClInclude>
    <ClInclude Include="restriction_space.h">
      <Filter>ALife\Shared</Filter>
    </ClInclude>
    <ClInclude Include="Sound.h">
      <Filter>ALife\Shared</Filter>
    </ClInclude>
    <ClInclude Include="alife_artefact_order.h">
      <Filter>ALife\Shared\ALife\alife_artefact_order</Filter>
    </ClInclude>
    <ClInclude Include="alife_human_brain.h">
      <Filter>ALife\Shared\ALife\alife_human_brain</Filter>
    </ClInclude>
    <ClInclude Include="alife_human_brain_inline.h">
      <Filter>ALife\Shared\ALife\alife_human_brain</Filter>
    </ClInclude>
    <ClInclude Include="alife_monster_brain.h">
      <Filter>ALife\Shared\ALife\alife_monster_brain</Filter>
    </ClInclude>
    <ClInclude Include="alife_monster_brain_inline.h">
      <Filter>ALife\Shared\ALife\alife_monster_brain</Filter>
    </ClInclude>
    <ClInclude Include="alife_space.h">
      <Filter>ALife\Shared\ALife\alife_space</Filter>
    </ClInclude>
    <ClInclude Include="bone.h">
      <Filter>ALife\Shared\ServerEntities</Filter>
    </ClInclude>
    <ClInclude Include="character_info_defs.h">
      <Filter>ALife\Shared\ServerEntities</Filter>
    </ClInclude>
    <ClInclude Include="ChooseTypes.h">
      <Filter>ALife\Shared\ServerEntities</Filter>
    </ClInclude>
    <ClInclude Include="DrawUtils.h">
      <Filter>ALife\Shared\ServerEntities</Filter>
    </ClInclude>
    <ClInclude Include="InfoPortionDefs.h">
      <Filter>ALife\Shared\ServerEntities</Filter>
    </ClInclude>
    <ClInclude Include="inventory_space.h">
      <Filter>ALife\Shared\ServerEntities</Filter>
    </ClInclude>
    <ClInclude Include="ItemListTypes.h">
      <Filter>ALife\Shared\ServerEntities</Filter>
    </ClInclude>
    <ClInclude Include="PropertiesListHelper.h">
      <Filter>ALife\Shared\ServerEntities</Filter>
    </ClInclude>
    <ClInclude Include="PropertiesListTypes.h">
      <Filter>ALife\Shared\ServerEntities</Filter>
    </ClInclude>
    <ClInclude Include="script_export_space.h">
      <Filter>ALife\Shared\ServerEntities</Filter>
    </ClInclude>
    <ClInclude Include="script_value_container.h">
      <Filter>ALife\Shared\ServerEntities</Filter>
    </ClInclude>
    <ClInclude Include="script_value_container_impl.h">
      <Filter>ALife\Shared\ServerEntities</Filter>
    </ClInclude>
    <ClInclude Include="ShapeData.h">
      <Filter>ALife\Shared\ServerEntities</Filter>
    </ClInclude>
    <ClInclude Include="WaveForm.h">
      <Filter>ALife\Shared\ServerEntities</Filter>
    </ClInclude>
    <ClInclude Include="xrEProps.h">
      <Filter>ALife\Shared\ServerEntities</Filter>
    </ClInclude>
    <ClInclude Include="xrServer_Object_Base.h">
      <Filter>ALife\Shared\ServerEntities</Filter>
    </ClInclude>
    <ClInclude Include="xrServer_Objects.h">
      <Filter>ALife\Shared\ServerEntities</Filter>
    </ClInclude>
    <ClInclude Include="xrServer_Objects_Abstract.h">
      <Filter>ALife\Shared\ServerEntities</Filter>
    </ClInclude>
    <ClInclude Include="xrServer_Objects_ALife.h">
      <Filter>ALife\Shared\ServerEntities</Filter>
    </ClInclude>
    <ClInclude Include="xrServer_Objects_ALife_All.h">
      <Filter>ALife\Shared\ServerEntities</Filter>
    </ClInclude>
    <ClInclude Include="xrServer_Objects_ALife_Items.h">
      <Filter>ALife\Shared\ServerEntities</Filter>
    </ClInclude>
    <ClInclude Include="xrServer_Objects_ALife_Monsters.h">
      <Filter>ALife\Shared\ServerEntities</Filter>
    </ClInclude>
    <ClInclude Include="xrServer_Space.h">
      <Filter>ALife\Shared\ServerEntities</Filter>
    </ClInclude>
    <ClInclude Include="client_id.h">
      <Filter>ALife\Shared\Server</Filter>
    </ClInclude>
    <ClInclude Include="game_base_space.h">
      <Filter>ALife\Shared\Server</Filter>
    </ClInclude>
    <ClInclude Include="NET_Compressor.h">
      <Filter>ALife\Shared\Server</Filter>
    </ClInclude>
    <ClInclude Include="NET_utils.h">
      <Filter>ALife\Shared\Server</Filter>
    </ClInclude>
    <ClInclude Include="PHNetState.h">
      <Filter>ALife\Shared\Server</Filter>
    </ClInclude>
    <ClInclude Include="PHSynchronize.h">
      <Filter>ALife\Shared\Server</Filter>
    </ClInclude>
    <ClInclude Include="xrMessages.h">
      <Filter>ALife\Shared\Server</Filter>
    </ClInclude>
    <ClInclude Include="object_broker.h">
      <Filter>ALife\Shared\ObjectBroker</Filter>
    </ClInclude>
    <ClInclude Include="object_cloner.h">
      <Filter>ALife\Shared\ObjectBroker</Filter>
    </ClInclude>
    <ClInclude Include="object_comparer.h">
      <Filter>ALife\Shared\ObjectBroker</Filter>
    </ClInclude>
    <ClInclude Include="object_destroyer.h">
      <Filter>ALife\Shared\ObjectBroker</Filter>
    </ClInclude>
    <ClInclude Include="object_interfaces.h">
      <Filter>ALife\Shared\ObjectBroker</Filter>
    </ClInclude>
    <ClInclude Include="object_loader.h">
      <Filter>ALife\Shared\ObjectBroker</Filter>
    </ClInclude>
    <ClInclude Include="object_saver.h">
      <Filter>ALife\Shared\ObjectBroker</Filter>
    </ClInclude>
    <ClInclude Include="object_type_traits.h">
      <Filter>ALife\Shared\ObjectBroker</Filter>
    </ClInclude>
    <ClInclude Include="clsid_game.h">
      <Filter>ALife\Shared\Common</Filter>
    </ClInclude>
    <ClInclude Include="profiler.h">
      <Filter>ALife\Shared\Common</Filter>
    </ClInclude>
    <ClInclude Include="smart_cast.h">
      <Filter>ALife\Shared\Common</Filter>
    </ClInclude>
    <ClInclude Include="smart_cast_impl0.h">
      <Filter>ALife\Shared\Common</Filter>
    </ClInclude>
    <ClInclude Include="smart_cast_impl1.h">
      <Filter>ALife\Shared\Common</Filter>
    </ClInclude>
    <ClInclude Include="smart_cast_impl2.h">
      <Filter>ALife\Shared\Common</Filter>
    </ClInclude>
    <ClInclude Include="intrusive_ptr.h">
      <Filter>ALife\Shared\IntrusivePtr</Filter>
    </ClInclude>
    <ClInclude Include="intrusive_ptr_inline.h">
      <Filter>ALife\Shared\IntrusivePtr</Filter>
    </ClInclude>
    <ClInclude Include="associative_vector.h">
      <Filter>ALife\Shared\associative_vector</Filter>
    </ClInclude>
    <ClInclude Include="associative_vector_compare_predicate.h">
      <Filter>ALife\Shared\associative_vector</Filter>
    </ClInclude>
    <ClInclude Include="associative_vector_compare_predicate_inline.h">
      <Filter>ALife\Shared\associative_vector</Filter>
    </ClInclude>
    <ClInclude Include="associative_vector_inline.h">
      <Filter>ALife\Shared\associative_vector</Filter>
    </ClInclude>
    <ClInclude Include="spawn_constructor_space.h">
      <Filter>ALife\Spawn</Filter>
    </ClInclude>
    <ClInclude Include="game_spawn_constructor.h">
      <Filter>ALife\Spawn\game_spawn_constructor</Filter>
    </ClInclude>
    <ClInclude Include="game_spawn_constructor_inline.h">
      <Filter>ALife\Spawn\game_spawn_constructor</Filter>
    </ClInclude>
    <ClInclude Include="level_spawn_constructor.h">
      <Filter>ALife\Spawn\level_spawn_constructor</Filter>
    </ClInclude>
    <ClInclude Include="level_spawn_constructor_inline.h">
      <Filter>ALife\Spawn\level_spawn_constructor</Filter>
    </ClInclude>
    <ClInclude Include="space_restrictor_wrapper.h">
      <Filter>ALife\Spawn\level_spawn_constructor\space_restrictor_wrapper</Filter>
    </ClInclude>
    <ClInclude Include="space_restrictor_wrapper_inline.h">
      <Filter>ALife\Spawn\level_spawn_constructor\space_restrictor_wrapper</Filter>
    </ClInclude>
    <ClInclude Include="server_entity_wrapper.h">
      <Filter>ALife\Spawn\server_entity_wrapper</Filter>
    </ClInclude>
    <ClInclude Include="server_entity_wrapper_inline.h">
      <Filter>ALife\Spawn\server_entity_wrapper</Filter>
    </ClInclude>
    <ClInclude Include="patrol_path.h">
      <Filter>ALife\Spawn\patrol_paths\patrol_path</Filter>
    </ClInclude>
    <ClInclude Include="patrol_path_inline.h">
      <Filter>ALife\Spawn\patrol_paths\patrol_path</Filter>
    </ClInclude>
    <ClInclude Include="patrol_path_storage.h">
      <Filter>ALife\Spawn\patrol_paths\patrol_path_storage</Filter>
    </ClInclude>
    <ClInclude Include="patrol_path_storage_inline.h">
      <Filter>ALife\Spawn\patrol_paths\patrol_path_storage</Filter>
    </ClInclude>
    <ClInclude Include="patrol_point.h">
      <Filter>ALife\Spawn\patrol_paths\patrol_point</Filter>
    </ClInclude>
    <ClInclude Include="patrol_point_inline.h">
      <Filter>ALife\Spawn\patrol_paths\patrol_point</Filter>
    </ClInclude>
    <ClInclude Include="spawn_patcher.h">
      <Filter>ALife\Spawn\spawn_patcher</Filter>
    </ClInclude>
    <ClInclude Include="guid_generator.h">
      <Filter>ALife\guid_generator</Filter>
    </ClInclude>
  </ItemGroup>
  <ItemGroup>
    <ClCompile Include="StdAfx.cpp">
      <Filter>Kernel</Filter>
    </ClCompile>
    <ClCompile Include="tga.cpp">
      <Filter>Kernel</Filter>
    </ClCompile>
    <ClCompile Include="xrAI.cpp">
      <Filter>Kernel</Filter>
    </ClCompile>
    <ClCompile Include="xrThread.cpp">
      <Filter>Kernel</Filter>
    </ClCompile>
    <ClCompile Include="cl_log.cpp">
      <Filter>Kernel\Log</Filter>
    </ClCompile>
    <ClCompile Include="cl_collector.cpp">
      <Filter>Kernel\CDB</Filter>
    </ClCompile>
    <ClCompile Include="random32.cpp">
      <Filter>Kernel\Random32</Filter>
    </ClCompile>
    <ClCompile Include="_buildnodes_view.cpp">
      <Filter>Compiler</Filter>
    </ClCompile>
    <ClCompile Include="compiler.cpp">
      <Filter>Compiler</Filter>
    </ClCompile>
    <ClCompile Include="compiler_build.cpp">
      <Filter>Compiler</Filter>
    </ClCompile>
    <ClCompile Include="compiler_cover.cpp">
      <Filter>Compiler</Filter>
    </ClCompile>
    <ClCompile Include="compiler_display.cpp">
      <Filter>Compiler</Filter>
    </ClCompile>
    <ClCompile Include="compiler_light.cpp">
      <Filter>Compiler</Filter>
    </ClCompile>
    <ClCompile Include="compiler_link.cpp">
      <Filter>Compiler</Filter>
    </ClCompile>
    <ClCompile Include="compiler_load.cpp">
      <Filter>Compiler</Filter>
    </ClCompile>
    <ClCompile Include="compiler_merge.cpp">
      <Filter>Compiler</Filter>
    </ClCompile>
    <ClCompile Include="compiler_palettize_covers.cpp">
      <Filter>Compiler</Filter>
    </ClCompile>
    <ClCompile Include="compiler_save.cpp">
      <Filter>Compiler</Filter>
    </ClCompile>
    <ClCompile Include="compiler_smooth.cpp">
      <Filter>Compiler</Filter>
    </ClCompile>
    <ClCompile Include="motion_simulator.cpp">
      <Filter>Compiler</Filter>
    </ClCompile>
    <ClCompile Include="..\xr_3da\xrLoadSurface.cpp">
      <Filter>Compiler</Filter>
    </ClCompile>
    <ClCompile Include="level_graph.cpp">
      <Filter>ALife\search\graphs\level_graph</Filter>
    </ClCompile>
    <ClCompile Include="level_graph_vertex.cpp">
      <Filter>ALife\search\graphs\level_graph</Filter>
    </ClCompile>
    <ClCompile Include="xrCrossTable.cpp">
      <Filter>ALife\Cross</Filter>
    </ClCompile>
    <ClCompile Include="game_graph_builder.cpp">
      <Filter>ALife\Graph</Filter>
    </ClCompile>
    <ClCompile Include="xr_graph_merge.cpp">
      <Filter>ALife\Merge</Filter>
    </ClCompile>
    <ClCompile Include="alife_artefact_order.cpp">
      <Filter>ALife\Shared\ALife\alife_artefact_order</Filter>
    </ClCompile>
    <ClCompile Include="alife_human_brain.cpp">
      <Filter>ALife\Shared\ALife\alife_human_brain</Filter>
    </ClCompile>
    <ClCompile Include="alife_monster_brain.cpp">
      <Filter>ALife\Shared\ALife\alife_monster_brain</Filter>
    </ClCompile>
    <ClCompile Include="alife_space.cpp">
      <Filter>ALife\Shared\ALife\alife_space</Filter>
    </ClCompile>
    <ClCompile Include="xrServer_Object_Base.cpp">
      <Filter>ALife\Shared\ServerEntities</Filter>
    </ClCompile>
    <ClCompile Include="xrServer_Objects.cpp">
      <Filter>ALife\Shared\ServerEntities</Filter>
    </ClCompile>
    <ClCompile Include="xrServer_Objects_Abstract.cpp">
      <Filter>ALife\Shared\ServerEntities</Filter>
    </ClCompile>
    <ClCompile Include="xrServer_Objects_ALife.cpp">
      <Filter>ALife\Shared\ServerEntities</Filter>
    </ClCompile>
    <ClCompile Include="xrServer_Objects_ALife_Items.cpp">
      <Filter>ALife\Shared\ServerEntities</Filter>
    </ClCompile>
    <ClCompile Include="xrServer_Objects_ALife_Monsters.cpp">
      <Filter>ALife\Shared\ServerEntities</Filter>
    </ClCompile>
    <ClCompile Include="PHNetState.cpp">
      <Filter>ALife\Shared\Server</Filter>
    </ClCompile>
    <ClCompile Include="PHSynchronize.cpp">
      <Filter>ALife\Shared\Server</Filter>
    </ClCompile>
    <ClCompile Include="smart_cast.cpp">
      <Filter>ALife\Shared\Common</Filter>
    </ClCompile>
    <ClCompile Include="smart_cast_stats.cpp">
      <Filter>ALife\Shared\Common</Filter>
    </ClCompile>
    <ClCompile Include="game_spawn_constructor.cpp">
      <Filter>ALife\Spawn\game_spawn_constructor</Filter>
    </ClCompile>
    <ClCompile Include="level_spawn_constructor.cpp">
      <Filter>ALife\Spawn\level_spawn_constructor</Filter>
    </ClCompile>
    <ClCompile Include="space_restrictor_wrapper.cpp">
      <Filter>ALife\Spawn\level_spawn_constructor\space_restrictor_wrapper</Filter>
    </ClCompile>
    <ClCompile Include="server_entity_wrapper.cpp">
      <Filter>ALife\Spawn\server_entity_wrapper</Filter>
    </ClCompile>
    <ClCompile Include="patrol_path.cpp">
      <Filter>ALife\Spawn\patrol_paths\patrol_path</Filter>
    </ClCompile>
    <ClCompile Include="patrol_path_storage.cpp">
      <Filter>ALife\Spawn\patrol_paths\patrol_path_storage</Filter>
    </ClCompile>
    <ClCompile Include="patrol_point.cpp">
      <Filter>ALife\Spawn\patrol_paths\patrol_point</Filter>
    </ClCompile>
    <ClCompile Include="spawn_patcher.cpp">
      <Filter>ALife\Spawn\spawn_patcher</Filter>
    </ClCompile>
    <ClCompile Include="verify_level_graph.cpp">
      <Filter>ALife\Verify</Filter>
    </ClCompile>
    <ClCompile Include="guid_generator.cpp">
      <Filter>ALife\guid_generator</Filter>
    </ClCompile>
  </ItemGroup>
  <ItemGroup>
    <ResourceCompile Include="resource.rc">
      <Filter>Kernel\Resource Files</Filter>
    </ResourceCompile>
  </ItemGroup>
</Project>